
Microsoft Visual Studio Solution File, Format Version 12.00
# Visual Studio 14
VisualStudioVersion = 14.0.25420.1
MinimumVisualStudioVersion = 10.0.40219.1
Project("{FAE04EC0-301F-11D3-BF4B-00C04F79EFBC}") = "Replica", "Replica\Replica.csproj", "{8ADEA2BE-F083-475F-A35F-E8C07B415F12}"
EndProject
Project("{FAE04EC0-301F-11D3-BF4B-00C04F79EFBC}") = "ProcessCreationService", "ProcessCreationService\ProcessCreationService.csproj", "{7CEEC244-2AC0-464C-BBAA-C6D41CD00B7A}"
	ProjectSection(ProjectDependencies) = postProject
		{8ADEA2BE-F083-475F-A35F-E8C07B415F12} = {8ADEA2BE-F083-475F-A35F-E8C07B415F12}
	EndProjectSection
EndProject
Project("{FAE04EC0-301F-11D3-BF4B-00C04F79EFBC}") = "CommonCode", "CommonCode\CommonCode.csproj", "{67936986-B186-446A-AB64-C4301812A055}"
EndProject
Project("{FAE04EC0-301F-11D3-BF4B-00C04F79EFBC}") = "PuppetMaster", "PupperMaster\PuppetMaster.csproj", "{8502E558-578F-4A1D-B76A-9D1C936F811F}"
EndProject
Project("{FAE04EC0-301F-11D3-BF4B-00C04F79EFBC}") = "mylib", "mylib\mylib.csproj", "{324DE61F-C939-495C-93BB-51D81A602C59}"
EndProject
Global
	GlobalSection(SolutionConfigurationPlatforms) = preSolution
		Debug|Any CPU = Debug|Any CPU
		Release|Any CPU = Release|Any CPU
	EndGlobalSection
	GlobalSection(ProjectConfigurationPlatforms) = postSolution
		{8ADEA2BE-F083-475F-A35F-E8C07B415F12}.Debug|Any CPU.ActiveCfg = Debug|Any CPU
		{8ADEA2BE-F083-475F-A35F-E8C07B415F12}.Debug|Any CPU.Build.0 = Debug|Any CPU
		{8ADEA2BE-F083-475F-A35F-E8C07B415F12}.Release|Any CPU.ActiveCfg = Release|Any CPU
		{8ADEA2BE-F083-475F-A35F-E8C07B415F12}.Release|Any CPU.Build.0 = Release|Any CPU
		{7CEEC244-2AC0-464C-BBAA-C6D41CD00B7A}.Debug|Any CPU.ActiveCfg = Debug|Any CPU
		{7CEEC244-2AC0-464C-BBAA-C6D41CD00B7A}.Debug|Any CPU.Build.0 = Debug|Any CPU
		{7CEEC244-2AC0-464C-BBAA-C6D41CD00B7A}.Release|Any CPU.ActiveCfg = Release|Any CPU
		{7CEEC244-2AC0-464C-BBAA-C6D41CD00B7A}.Release|Any CPU.Build.0 = Release|Any CPU
		{67936986-B186-446A-AB64-C4301812A055}.Debug|Any CPU.ActiveCfg = Debug|Any CPU
		{67936986-B186-446A-AB64-C4301812A055}.Debug|Any CPU.Build.0 = Debug|Any CPU
		{67936986-B186-446A-AB64-C4301812A055}.Release|Any CPU.ActiveCfg = Release|Any CPU
		{67936986-B186-446A-AB64-C4301812A055}.Release|Any CPU.Build.0 = Release|Any CPU
		{8502E558-578F-4A1D-B76A-9D1C936F811F}.Debug|Any CPU.ActiveCfg = Debug|Any CPU
		{8502E558-578F-4A1D-B76A-9D1C936F811F}.Debug|Any CPU.Build.0 = Debug|Any CPU
		{8502E558-578F-4A1D-B76A-9D1C936F811F}.Release|Any CPU.ActiveCfg = Release|Any CPU
		{8502E558-578F-4A1D-B76A-9D1C936F811F}.Release|Any CPU.Build.0 = Release|Any CPU
		{324DE61F-C939-495C-93BB-51D81A602C59}.Debug|Any CPU.ActiveCfg = Debug|Any CPU
		{324DE61F-C939-495C-93BB-51D81A602C59}.Debug|Any CPU.Build.0 = Debug|Any CPU
		{324DE61F-C939-495C-93BB-51D81A602C59}.Release|Any CPU.ActiveCfg = Release|Any CPU
		{324DE61F-C939-495C-93BB-51D81A602C59}.Release|Any CPU.Build.0 = Release|Any CPU
	EndGlobalSection
	GlobalSection(SolutionProperties) = preSolution
		HideSolutionNode = FALSE
	EndGlobalSection
EndGlobal
